// !$*UTF8*$!
{
	archiveVersion = 1;
	classes = {
	};
	objectVersion = 77;
	objects = {

/* Begin PBXContainerItemProxy section */
		D0FC57D42E5255BF00D8C063 /* PBXContainerItemProxy */ = {
			isa = PBXContainerItemProxy;
			containerPortal = D0FC57BA2E5255BD00D8C063 /* Project object */;
			proxyType = 1;
			remoteGlobalIDString = D0FC57C12E5255BD00D8C063;
			remoteInfo = WTM;
		};
		D0FC57DE2E5255BF00D8C063 /* PBXContainerItemProxy */ = {
			isa = PBXContainerItemProxy;
			containerPortal = D0FC57BA2E5255BD00D8C063 /* Project object */;
			proxyType = 1;
			remoteGlobalIDString = D0FC57C12E5255BD00D8C063;
			remoteInfo = WTM;
		};
/* End PBXContainerItemProxy section */

/* Begin PBXFileReference section */
		D0FC57C22E5255BD00D8C063 /* WTM.app */ = {isa = PBXFileReference; explicitFileType = wrapper.application; includeInIndex = 0; path = WTM.app; sourceTree = BUILT_PRODUCTS_DIR; };
		D0FC57D32E5255BF00D8C063 /* WTMTests.xctest */ = {isa = PBXFileReference; explicitFileType = wrapper.cfbundle; includeInIndex = 0; path = WTMTests.xctest; sourceTree = BUILT_PRODUCTS_DIR; };
		D0FC57DD2E5255BF00D8C063 /* WTMUITests.xctest */ = {isa = PBXFileReference; explicitFileType = wrapper.cfbundle; includeInIndex = 0; path = WTMUITests.xctest; sourceTree = BUILT_PRODUCTS_DIR; };
/* End PBXFileReference section */

/* Begin PBXFileSystemSynchronizedRootGroup section */
		D0FC57C42E5255BD00D8C063 /* WTM */ = {
			isa = PBXFileSystemSynchronizedRootGroup;
			path = WTM;
			sourceTree = "<group>";
		};
		D0FC57D62E5255BF00D8C063 /* WTMTests */ = {
			isa = PBXFileSystemSynchronizedRootGroup;
			path = WTMTests;
			sourceTree = "<group>";
		};
		D0FC57E02E5255BF00D8C063 /* WTMUITests */ = {
			isa = PBXFileSystemSynchronizedRootGroup;
			path = WTMUITests;
			sourceTree = "<group>";
		};
/* End PBXFileSystemSynchronizedRootGroup section */

/* Begin PBXFrameworksBuildPhase section */
		D0FC57BF2E5255BD00D8C063 /* Frameworks */ = {
			isa = PBXFrameworksBuildPhase;
			buildActionMask = 2147483647;
			files = (
			);
			runOnlyForDeploymentPostprocessing = 0;
		};
		D0FC57D02E5255BF00D8C063 /* Frameworks */ = {
			isa = PBXFrameworksBuildPhase;
			buildActionMask = 2147483647;
			files = (
			);
			runOnlyForDeploymentPostprocessing = 0;
		};
		D0FC57DA2E5255BF00D8C063 /* Frameworks */ = {
			isa = PBXFrameworksBuildPhase;
			buildActionMask = 2147483647;
			files = (
			);
			runOnlyForDeploymentPostprocessing = 0;
		};
/* End PBXFrameworksBuildPhase section */

/* Begin PBXGroup section */
		D0FC57B92E5255BD00D8C063 = {
			isa = PBXGroup;
			children = (
				D0FC57C42E5255BD00D8C063 /* WTM */,
				D0FC57D62E5255BF00D8C063 /* WTMTests */,
				D0FC57E02E5255BF00D8C063 /* WTMUITests */,
				D0FC57C32E5255BD00D8C063 /* Products */,
			);
			sourceTree = "<group>";
		};
		D0FC57C32E5255BD00D8C063 /* Products */ = {
			isa = PBXGroup;
			children = (
				D0FC57C22E5255BD00D8C063 /* WTM.app */,
				D0FC57D32E5255BF00D8C063 /* WTMTests.xctest */,
				D0FC57DD2E5255BF00D8C063 /* WTMUITests.xctest */,
			);
			name = Products;
			sourceTree = "<group>";
		};
/* End PBXGroup section */

/* Begin PBXNativeTarget section */
		D0FC57C12E5255BD00D8C063 /* WTM */ = {
			isa = PBXNativeTarget;
			buildConfigurationList = D0FC57E72E5255BF00D8C063 /* Build configuration list for PBXNativeTarget "WTM" */;
			buildPhases = (
				D0FC57BE2E5255BD00D8C063 /* Sources */,
				D0FC57BF2E5255BD00D8C063 /* Frameworks */,
				D0FC57C02E5255BD00D8C063 /* Resources */,
			);
			buildRules = (
			);
			dependencies = (
			);
			fileSystemSynchronizedGroups = (
				D0FC57C42E5255BD00D8C063 /* WTM */,
			);
			name = WTM;
			packageProductDependencies = (
			);
			productName = WTM;
			productReference = D0FC57C22E5255BD00D8C063 /* WTM.app */;
			productType = "com.apple.product-type.application";
		};
		D0FC57D22E5255BF00D8C063 /* WTMTests */ = {
			isa = PBXNativeTarget;
			buildConfigurationList = D0FC57EA2E5255BF00D8C063 /* Build configuration list for PBXNativeTarget "WTMTests" */;
			buildPhases = (
				D0FC57CF2E5255BF00D8C063 /* Sources */,
				D0FC57D02E5255BF00D8C063 /* Frameworks */,
				D0FC57D12E5255BF00D8C063 /* Resources */,
			);
			buildRules = (
			);
			dependencies = (
				D0FC57D52E5255BF00D8C063 /* PBXTargetDependency */,
			);
			fileSystemSynchronizedGroups = (
				D0FC57D62E5255BF00D8C063 /* WTMTests */,
			);
			name = WTMTests;
			packageProductDependencies = (
			);
			productName = WTMTests;
			productReference = D0FC57D32E5255BF00D8C063 /* WTMTests.xctest */;
			productType = "com.apple.product-type.bundle.unit-test";
		};
		D0FC57DC2E5255BF00D8C063 /* WTMUITests */ = {
			isa = PBXNativeTarget;
			buildConfigurationList = D0FC57ED2E5255BF00D8C063 /* Build configuration list for PBXNativeTarget "WTMUITests" */;
			buildPhases = (
				D0FC57D92E5255BF00D8C063 /* Sources */,
				D0FC57DA2E5255BF00D8C063 /* Frameworks */,
				D0FC57DB2E5255BF00D8C063 /* Resources */,
			);
			buildRules = (
			);
			dependencies = (
				D0FC57DF2E5255BF00D8C063 /* PBXTargetDependency */,
			);
			fileSystemSynchronizedGroups = (
				D0FC57E02E5255BF00D8C063 /* WTMUITests */,
			);
			name = WTMUITests;
			packageProductDependencies = (
			);
			productName = WTMUITests;
			productReference = D0FC57DD2E5255BF00D8C063 /* WTMUITests.xctest */;
			productType = "com.apple.product-type.bundle.ui-testing";
		};
/* End PBXNativeTarget section */

/* Begin PBXProject section */
		D0FC57BA2E5255BD00D8C063 /* Project object */ = {
			isa = PBXProject;
			attributes = {
				BuildIndependentTargetsInParallel = 1;
				LastSwiftUpdateCheck = 1620;
				LastUpgradeCheck = 1620;
				TargetAttributes = {
					D0FC57C12E5255BD00D8C063 = {
						CreatedOnToolsVersion = 16.2;
					};
					D0FC57D22E5255BF00D8C063 = {
						CreatedOnToolsVersion = 16.2;
						TestTargetID = D0FC57C12E5255BD00D8C063;
					};
					D0FC57DC2E5255BF00D8C063 = {
						CreatedOnToolsVersion = 16.2;
						TestTargetID = D0FC57C12E5255BD00D8C063;
					};
				};
			};
			buildConfigurationList = D0FC57BD2E5255BD00D8C063 /* Build configuration list for PBXProject "WTM" */;
			developmentRegion = en;
			hasScannedForEncodings = 0;
			knownRegions = (
				en,
				Base,
			);
			mainGroup = D0FC57B92E5255BD00D8C063;
			minimizedProjectReferenceProxies = 1;
			preferredProjectObjectVersion = 77;
			productRefGroup = D0FC57C32E5255BD00D8C063 /* Products */;
			projectDirPath = "";
			projectRoot = "";
			targets = (
				D0FC57C12E5255BD00D8C063 /* WTM */,
				D0FC57D22E5255BF00D8C063 /* WTMTests */,
				D0FC57DC2E5255BF00D8C063 /* WTMUITests */,
			);
		};
/* End PBXProject section */

/* Begin PBXResourcesBuildPhase section */
		D0FC57C02E5255BD00D8C063 /* Resources */ = {
			isa = PBXResourcesBuildPhase;
			buildActionMask = 2147483647;
			files = (
			);
			runOnlyForDeploymentPostprocessing = 0;
		};
		D0FC57D12E5255BF00D8C063 /* Resources */ = {
			isa = PBXResourcesBuildPhase;
			buildActionMask = 2147483647;
			files = (
			);
			runOnlyForDeploymentPostprocessing = 0;
		};
		D0FC57DB2E5255BF00D8C063 /* Resources */ = {
			isa = PBXResourcesBuildPhase;
			buildActionMask = 2147483647;
			files = (
			);
			runOnlyForDeploymentPostprocessing = 0;
		};
/* End PBXResourcesBuildPhase section */

/* Begin PBXSourcesBuildPhase section */
		D0FC57BE2E5255BD00D8C063 /* Sources */ = {
			isa = PBXSourcesBuildPhase;
			buildActionMask = 2147483647;
			files = (
			);
			runOnlyForDeploymentPostprocessing = 0;
		};
		D0FC57CF2E5255BF00D8C063 /* Sources */ = {
			isa = PBXSourcesBuildPhase;
			buildActionMask = 2147483647;
			files = (
			);
			runOnlyForDeploymentPostprocessing = 0;
		};
		D0FC57D92E5255BF00D8C063 /* Sources */ = {
			isa = PBXSourcesBuildPhase;
			buildActionMask = 2147483647;
			files = (
			);
			runOnlyForDeploymentPostprocessing = 0;
		};
/* End PBXSourcesBuildPhase section */

/* Begin PBXTargetDependency section */
		D0FC57D52E5255BF00D8C063 /* PBXTargetDependency */ = {
			isa = PBXTargetDependency;
			target = D0FC57C12E5255BD00D8C063 /* WTM */;
			targetProxy = D0FC57D42E5255BF00D8C063 /* PBXContainerItemProxy */;
		};
		D0FC57DF2E5255BF00D8C063 /* PBXTargetDependency */ = {
			isa = PBXTargetDependency;
			target = D0FC57C12E5255BD00D8C063 /* WTM */;
			targetProxy = D0FC57DE2E5255BF00D8C063 /* PBXContainerItemProxy */;
		};
/* End PBXTargetDependency section */

/* Begin XCBuildConfiguration section */
		D0FC57E52E5255BF00D8C063 /* Debug */ = {
			isa = XCBuildConfiguration;
			buildSettings = {
				ALWAYS_SEARCH_USER_PATHS = NO;
				ASSETCATALOG_COMPILER_GENERATE_SWIFT_ASSET_SYMBOL_EXTENSIONS = YES;
				CLANG_ANALYZER_NONNULL = YES;
				CLANG_ANALYZER_NUMBER_OBJECT_CONVERSION = YES_AGGRESSIVE;
				CLANG_CXX_LANGUAGE_STANDARD = "gnu++20";
				CLANG_ENABLE_MODULES = YES;
				CLANG_ENABLE_OBJC_ARC = YES;
				CLANG_ENABLE_OBJC_WEAK = YES;
				CLANG_WARN_BLOCK_CAPTURE_AUTORELEASING = YES;
				CLANG_WARN_BOOL_CONVERSION = YES;
				CLANG_WARN_COMMA = YES;
				CLANG_WARN_CONSTANT_CONVERSION = YES;
				CLANG_WARN_DEPRECATED_OBJC_IMPLEMENTATIONS = YES;
				CLANG_WARN_DIRECT_OBJC_ISA_USAGE = YES_ERROR;
				CLANG_WARN_DOCUMENTATION_COMMENTS = YES;
				CLANG_WARN_EMPTY_BODY = YES;
				CLANG_WARN_ENUM_CONVERSION = YES;
				CLANG_WARN_INFINITE_RECURSION = YES;
				CLANG_WARN_INT_CONVERSION = YES;
				CLANG_WARN_NON_LITERAL_NULL_CONVERSION = YES;
				CLANG_WARN_OBJC_IMPLICIT_RETAIN_SELF = YES;
				CLANG_WARN_OBJC_LITERAL_CONVERSION = YES;
				CLANG_WARN_OBJC_ROOT_CLASS = YES_ERROR;
				CLANG_WARN_QUOTED_INCLUDE_IN_FRAMEWORK_HEADER = YES;
				CLANG_WARN_RANGE_LOOP_ANALYSIS = YES;
				CLANG_WARN_STRICT_PROTOTYPES = YES;
				CLANG_WARN_SUSPICIOUS_MOVE = YES;
				CLANG_WARN_UNGUARDED_AVAILABILITY = YES_AGGRESSIVE;
				CLANG_WARN_UNREACHABLE_CODE = YES;
				CLANG_WARN__DUPLICATE_METHOD_MATCH = YES;
				COPY_PHASE_STRIP = NO;
				DEBUG_INFORMATION_FORMAT = dwarf;
				ENABLE_STRICT_OBJC_MSGSEND = YES;
				ENABLE_TESTABILITY = YES;
				ENABLE_USER_SCRIPT_SANDBOXING = YES;
				GCC_C_LANGUAGE_STANDARD = gnu17;
				GCC_DYNAMIC_NO_PIC = NO;
				GCC_NO_COMMON_BLOCKS = YES;
				GCC_OPTIMIZATION_LEVEL = 0;
				GCC_PREPROCESSOR_DEFINITIONS = (
					"DEBUG=1",
					"$(inherited)",
				);
				GCC_WARN_64_TO_32_BIT_CONVERSION = YES;
				GCC_WARN_ABOUT_RETURN_TYPE = YES_ERROR;
				GCC_WARN_UNDECLARED_SELECTOR = YES;
				GCC_WARN_UNINITIALIZED_AUTOS = YES_AGGRESSIVE;
				GCC_WARN_UNUSED_FUNCTION = YES;
				GCC_WARN_UNUSED_VARIABLE = YES;
				LOCALIZATION_PREFERS_STRING_CATALOGS = YES;
				MACOSX_DEPLOYMENT_TARGET = 15.2;
				MTL_ENABLE_DEBUG_INFO = INCLUDE_SOURCE;
				MTL_FAST_MATH = YES;
				ONLY_ACTIVE_ARCH = YES;
				SDKROOT = macosx;
				SWIFT_ACTIVE_COMPILATION_CONDITIONS = "DEBUG $(inherited)";
				SWIFT_OPTIMIZATION_LEVEL = "-Onone";
			};
			name = Debug;
		};
		D0FC57E62E5255BF00D8C063 /* Release */ = {
			isa = XCBuildConfiguration;
			buildSettings = {
				ALWAYS_SEARCH_USER_PATHS = NO;
				ASSETCATALOG_COMPILER_GENERATE_SWIFT_ASSET_SYMBOL_EXTENSIONS = YES;
				CLANG_ANALYZER_NONNULL = YES;
				CLANG_ANALYZER_NUMBER_OBJECT_CONVERSION = YES_AGGRESSIVE;
				CLANG_CXX_LANGUAGE_STANDARD = "gnu++20";
				CLANG_ENABLE_MODULES = YES;
				CLANG_ENABLE_OBJC_ARC = YES;
				CLANG_ENABLE_OBJC_WEAK = YES;
				CLANG_WARN_BLOCK_CAPTURE_AUTORELEASING = YES;
				CLANG_WARN_BOOL_CONVERSION = YES;
				CLANG_WARN_COMMA = YES;
				CLANG_WARN_CONSTANT_CONVERSION = YES;
				CLANG_WARN_DEPRECATED_OBJC_IMPLEMENTATIONS = YES;
				CLANG_WARN_DIRECT_OBJC_ISA_USAGE = YES_ERROR;
				CLANG_WARN_DOCUMENTATION_COMMENTS = YES;
				CLANG_WARN_EMPTY_BODY = YES;
				CLANG_WARN_ENUM_CONVERSION = YES;
				CLANG_WARN_INFINITE_RECURSION = YES;
				CLANG_WARN_INT_CONVERSION = YES;
				CLANG_WARN_NON_LITERAL_NULL_CONVERSION = YES;
				CLANG_WARN_OBJC_IMPLICIT_RETAIN_SELF = YES;
				CLANG_WARN_OBJC_LITERAL_CONVERSION = YES;
				CLANG_WARN_OBJC_ROOT_CLASS = YES_ERROR;
				CLANG_WARN_QUOTED_INCLUDE_IN_FRAMEWORK_HEADER = YES;
				CLANG_WARN_RANGE_LOOP_ANALYSIS = YES;
				CLANG_WARN_STRICT_PROTOTYPES = YES;
				CLANG_WARN_SUSPICIOUS_MOVE = YES;
				CLANG_WARN_UNGUARDED_AVAILABILITY = YES_AGGRESSIVE;
				CLANG_WARN_UNREACHABLE_CODE = YES;
				CLANG_WARN__DUPLICATE_METHOD_MATCH = YES;
				COPY_PHASE_STRIP = NO;
				DEBUG_INFORMATION_FORMAT = "dwarf-with-dsym";
				ENABLE_NS_ASSERTIONS = NO;
				ENABLE_STRICT_OBJC_MSGSEND = YES;
				ENABLE_USER_SCRIPT_SANDBOXING = YES;
				GCC_C_LANGUAGE_STANDARD = gnu17;
				GCC_NO_COMMON_BLOCKS = YES;
				GCC_WARN_64_TO_32_BIT_CONVERSION = YES;
				GCC_WARN_ABOUT_RETURN_TYPE = YES_ERROR;
				GCC_WARN_UNDECLARED_SELECTOR = YES;
				GCC_WARN_UNINITIALIZED_AUTOS = YES_AGGRESSIVE;
				GCC_WARN_UNUSED_FUNCTION = YES;
				GCC_WARN_UNUSED_VARIABLE = YES;
				LOCALIZATION_PREFERS_STRING_CATALOGS = YES;
				MACOSX_DEPLOYMENT_TARGET = 15.2;
				MTL_ENABLE_DEBUG_INFO = NO;
				MTL_FAST_MATH = YES;
				SDKROOT = macosx;
				SWIFT_COMPILATION_MODE = wholemodule;
			};
			name = Release;
		};
		D0FC57E82E5255BF00D8C063 /* Debug */ = {
			isa = XCBuildConfiguration;
			buildSettings = {
				ASSETCATALOG_COMPILER_APPICON_NAME = AppIcon;
				ASSETCATALOG_COMPILER_GLOBAL_ACCENT_COLOR_NAME = AccentColor;
				CODE_SIGN_ENTITLEMENTS = WTM/WTM.entitlements;
				CODE_SIGN_STYLE = Automatic;
				COMBINE_HIDPI_IMAGES = YES;
				CURRENT_PROJECT_VERSION = 1;
				DEVELOPMENT_ASSET_PATHS = "\"WTM/Preview Content\"";
				ENABLE_PREVIEWS = YES;
				GENERATE_INFOPLIST_FILE = YES;
				INFOPLIST_KEY_NSHumanReadableCopyright = "";
				LD_RUNPATH_SEARCH_PATHS = (
					"$(inherited)",
					"@executable_path/../Frameworks",
				);
				MARKETING_VERSION = 1.0;
				PRODUCT_BUNDLE_IDENTIFIER = WTM.com.WTM;
				PRODUCT_NAME = "$(TARGET_NAME)";
				SWIFT_EMIT_LOC_STRINGS = YES;
				SWIFT_VERSION = 5.0;
			};
			name = Debug;
		};
		D0FC57E92E5255BF00D8C063 /* Release */ = {
			isa = XCBuildConfiguration;
			buildSettings = {
				ASSETCATALOG_COMPILER_APPICON_NAME = AppIcon;
				ASSETCATALOG_COMPILER_GLOBAL_ACCENT_COLOR_NAME = AccentColor;
				CODE_SIGN_ENTITLEMENTS = WTM/WTM.entitlements;
				CODE_SIGN_STYLE = Automatic;
				COMBINE_HIDPI_IMAGES = YES;
				CURRENT_PROJECT_VERSION = 1;
				DEVELOPMENT_ASSET_PATHS = "\"WTM/Preview Content\"";
				ENABLE_PREVIEWS = YES;
				GENERATE_INFOPLIST_FILE = YES;
				INFOPLIST_KEY_NSHumanReadableCopyright = "";
				LD_RUNPATH_SEARCH_PATHS = (
					"$(inherited)",
					"@executable_path/../Frameworks",
				);
				MARKETING_VERSION = 1.0;
				PRODUCT_BUNDLE_IDENTIFIER = WTM.com.WTM;
				PRODUCT_NAME = "$(TARGET_NAME)";
				SWIFT_EMIT_LOC_STRINGS = YES;
				SWIFT_VERSION = 5.0;
			};
			name = Release;
		};
		D0FC57EB2E5255BF00D8C063 /* Debug */ = {
			isa = XCBuildConfiguration;
			buildSettings = {
				BUNDLE_LOADER = "$(TEST_HOST)";
				CODE_SIGN_STYLE = Automatic;
				CURRENT_PROJECT_VERSION = 1;
				GENERATE_INFOPLIST_FILE = YES;
				MACOSX_DEPLOYMENT_TARGET = 15.2;
				MARKETING_VERSION = 1.0;
				PRODUCT_BUNDLE_IDENTIFIER = WTM.com.WTMTests;
				PRODUCT_NAME = "$(TARGET_NAME)";
				SWIFT_EMIT_LOC_STRINGS = NO;
				SWIFT_VERSION = 5.0;
				TEST_HOST = "$(BUILT_PRODUCTS_DIR)/WTM.app/$(BUNDLE_EXECUTABLE_FOLDER_PATH)/WTM";
			};
			name = Debug;
		};
		D0FC57EC2E5255BF00D8C063 /* Release */ = {
			isa = XCBuildConfiguration;
			buildSettings = {
				BUNDLE_LOADER = "$(TEST_HOST)";
				CODE_SIGN_STYLE = Automatic;
				CURRENT_PROJECT_VERSION = 1;
				GENERATE_INFOPLIST_FILE = YES;
				MACOSX_DEPLOYMENT_TARGET = 15.2;
				MARKETING_VERSION = 1.0;
				PRODUCT_BUNDLE_IDENTIFIER = WTM.com.WTMTests;
				PRODUCT_NAME = "$(TARGET_NAME)";
				SWIFT_EMIT_LOC_STRINGS = NO;
				SWIFT_VERSION = 5.0;
				TEST_HOST = "$(BUILT_PRODUCTS_DIR)/WTM.app/$(BUNDLE_EXECUTABLE_FOLDER_PATH)/WTM";
			};
			name = Release;
		};
		D0FC57EE2E5255BF00D8C063 /* Debug */ = {
			isa = XCBuildConfiguration;
			buildSettings = {
				CODE_SIGN_STYLE = Automatic;
				CURRENT_PROJECT_VERSION = 1;
				GENERATE_INFOPLIST_FILE = YES;
				MARKETING_VERSION = 1.0;
				PRODUCT_BUNDLE_IDENTIFIER = WTM.com.WTMUITests;
				PRODUCT_NAME = "$(TARGET_NAME)";
				SWIFT_EMIT_LOC_STRINGS = NO;
				SWIFT_VERSION = 5.0;
				TEST_TARGET_NAME = WTM;
			};
			name = Debug;
		};
		D0FC57EF2E5255BF00D8C063 /* Release */ = {
			isa = XCBuildConfiguration;
			buildSettings = {
				CODE_SIGN_STYLE = Automatic;
				CURRENT_PROJECT_VERSION = 1;
				GENERATE_INFOPLIST_FILE = YES;
				MARKETING_VERSION = 1.0;
				PRODUCT_BUNDLE_IDENTIFIER = WTM.com.WTMUITests;
				PRODUCT_NAME = "$(TARGET_NAME)";
				SWIFT_EMIT_LOC_STRINGS = NO;
				SWIFT_VERSION = 5.0;
				TEST_TARGET_NAME = WTM;
			};
			name = Release;
		};
/* End XCBuildConfiguration section */

/* Begin XCConfigurationList section */
		D0FC57BD2E5255BD00D8C063 /* Build configuration list for PBXProject "WTM" */ = {
			isa = XCConfigurationList;
			buildConfigurations = (
				D0FC57E52E5255BF00D8C063 /* Debug */,
				D0FC57E62E5255BF00D8C063 /* Release */,
			);
			defaultConfigurationIsVisible = 0;
			defaultConfigurationName = Release;
		};
		D0FC57E72E5255BF00D8C063 /* Build configuration list for PBXNativeTarget "WTM" */ = {
			isa = XCConfigurationList;
			buildConfigurations = (
				D0FC57E82E5255BF00D8C063 /* Debug */,
				D0FC57E92E5255BF00D8C063 /* Release */,
			);
			defaultConfigurationIsVisible = 0;
			defaultConfigurationName = Release;
		};
		D0FC57EA2E5255BF00D8C063 /* Build configuration list for PBXNativeTarget "WTMTests" */ = {
			isa = XCConfigurationList;
			buildConfigurations = (
				D0FC57EB2E5255BF00D8C063 /* Debug */,
				D0FC57EC2E5255BF00D8C063 /* Release */,
			);
			defaultConfigurationIsVisible = 0;
			defaultConfigurationName = Release;
		};
		D0FC57ED2E5255BF00D8C063 /* Build configuration list for PBXNativeTarget "WTMUITests" */ = {
			isa = XCConfigurationList;
			buildConfigurations = (
				D0FC57EE2E5255BF00D8C063 /* Debug */,
				D0FC57EF2E5255BF00D8C063 /* Release */,
			);
			defaultConfigurationIsVisible = 0;
			defaultConfigurationName = Release;
		};
/* End XCConfigurationList section */
	};
	rootObject = D0FC57BA2E5255BD00D8C063 /* Project object */;
}
